// !$*UTF8*$!
{
	archiveVersion = 1;
	classes = {
	};
	objectVersion = 56;
	objects = {

/* Begin PBXBuildFile section */
		3A0AB18729895DAB00561553 /* CustomPropertyWrapperWithDynamicProperty.swift in Sources */ = {isa = PBXBuildFile; fileRef = 3A0AB18629895DAB00561553 /* CustomPropertyWrapperWithDynamicProperty.swift */; };
		3A0AB18B29896AEA00561553 /* ButtonCustomizationButonStyle.swift in Sources */ = {isa = PBXBuildFile; fileRef = 3A0AB18A29896AEA00561553 /* ButtonCustomizationButonStyle.swift */; };
		3A0AB18D29896B2900561553 /* CustomButton.swift in Sources */ = {isa = PBXBuildFile; fileRef = 3A0AB18C29896B2900561553 /* CustomButton.swift */; };
		3A0AB18F2989704A00561553 /* ColorExtension.swift in Sources */ = {isa = PBXBuildFile; fileRef = 3A0AB18E2989704A00561553 /* ColorExtension.swift */; };
		3A0CC5E329673B2600DCCD00 /* Grid.swift in Sources */ = {isa = PBXBuildFile; fileRef = 3A0CC5E229673B2600DCCD00 /* Grid.swift */; };
		3A0CC5E529673B5100DCCD00 /* Square.swift in Sources */ = {isa = PBXBuildFile; fileRef = 3A0CC5E429673B5100DCCD00 /* Square.swift */; };
		3A0CC5E7296749E700DCCD00 /* FloodFillView.swift in Sources */ = {isa = PBXBuildFile; fileRef = 3A0CC5E6296749E700DCCD00 /* FloodFillView.swift */; };
		3A0D578F2968BF9B00A397BE /* CGPoint-Helpers.swift in Sources */ = {isa = PBXBuildFile; fileRef = 3A0D578E2968BF9B00A397BE /* CGPoint-Helpers.swift */; };
		3A0D57912968C52800A397BE /* Triangle.swift in Sources */ = {isa = PBXBuildFile; fileRef = 3A0D57902968C52800A397BE /* Triangle.swift */; };
		3A0D57932968C75800A397BE /* BoidsView.swift in Sources */ = {isa = PBXBuildFile; fileRef = 3A0D57922968C75800A397BE /* BoidsView.swift */; };
		3A12E827296B29D000E17C1E /* users.json in Resources */ = {isa = PBXBuildFile; fileRef = 3A12E826296B29D000E17C1E /* users.json */; };
		3A12E829296B29F200E17C1E /* Bundle-Decodable.swift in Sources */ = {isa = PBXBuildFile; fileRef = 3A12E828296B29F200E17C1E /* Bundle-Decodable.swift */; };
		3A12E82B296B2BF900E17C1E /* User.swift in Sources */ = {isa = PBXBuildFile; fileRef = 3A12E82A296B2BF900E17C1E /* User.swift */; };
		3A12E82D296B2D3F00E17C1E /* FilteringListView.swift in Sources */ = {isa = PBXBuildFile; fileRef = 3A12E82C296B2D3F00E17C1E /* FilteringListView.swift */; };
		3A12E82F296B2DDE00E17C1E /* FilteringListGeneric.swift in Sources */ = {isa = PBXBuildFile; fileRef = 3A12E82E296B2DDE00E17C1E /* FilteringListGeneric.swift */; };
		3A12E831296B304200E17C1E /* BindingExtension.swift in Sources */ = {isa = PBXBuildFile; fileRef = 3A12E830296B304200E17C1E /* BindingExtension.swift */; };
		3A12E833296B35A300E17C1E /* FilteringListUsersView.swift in Sources */ = {isa = PBXBuildFile; fileRef = 3A12E832296B35A300E17C1E /* FilteringListUsersView.swift */; };
		3A12E838296B430E00E17C1E /* UIBezierPath_Extension.swift in Sources */ = {isa = PBXBuildFile; fileRef = 3A12E837296B430E00E17C1E /* UIBezierPath_Extension.swift */; };
		3A12E83A296B43DC00E17C1E /* ShapeBezierView.swift in Sources */ = {isa = PBXBuildFile; fileRef = 3A12E839296B43DC00E17C1E /* ShapeBezierView.swift */; };
		3A12F0B0298A91BF00A02897 /* NeumorphismStyle.swift in Sources */ = {isa = PBXBuildFile; fileRef = 3A12F0AF298A91BF00A02897 /* NeumorphismStyle.swift */; };
		3A12F0B2298A922400A02897 /* NeunorphismView.swift in Sources */ = {isa = PBXBuildFile; fileRef = 3A12F0B1298A922400A02897 /* NeunorphismView.swift */; };
		3A12F0B9298AD2F800A02897 /* AdvancedButtons.swift in Sources */ = {isa = PBXBuildFile; fileRef = 3A12F0B8298AD2F800A02897 /* AdvancedButtons.swift */; };
		3A132C8E294BCF1400D19D75 /* HWSPlusApp.swift in Sources */ = {isa = PBXBuildFile; fileRef = 3A132C8D294BCF1400D19D75 /* HWSPlusApp.swift */; };
		3A132C90294BCF1400D19D75 /* ContentView.swift in Sources */ = {isa = PBXBuildFile; fileRef = 3A132C8F294BCF1400D19D75 /* ContentView.swift */; };
		3A132C92294BCF1500D19D75 /* Assets.xcassets in Resources */ = {isa = PBXBuildFile; fileRef = 3A132C91294BCF1500D19D75 /* Assets.xcassets */; };
		3A132C95294BCF1500D19D75 /* Preview Assets.xcassets in Resources */ = {isa = PBXBuildFile; fileRef = 3A132C94294BCF1500D19D75 /* Preview Assets.xcassets */; };
		3A132C9F294BCF1600D19D75 /* HWSPlusTests.swift in Sources */ = {isa = PBXBuildFile; fileRef = 3A132C9E294BCF1600D19D75 /* HWSPlusTests.swift */; };
		3A132CA9294BCF1600D19D75 /* HWSPlusUITests.swift in Sources */ = {isa = PBXBuildFile; fileRef = 3A132CA8294BCF1600D19D75 /* HWSPlusUITests.swift */; };
		3A132CAB294BCF1600D19D75 /* HWSPlusUITestsLaunchTests.swift in Sources */ = {isa = PBXBuildFile; fileRef = 3A132CAA294BCF1600D19D75 /* HWSPlusUITestsLaunchTests.swift */; };
		3A132CF4296ED2FE00E28CB8 /* StretchingMarginView.swift in Sources */ = {isa = PBXBuildFile; fileRef = 3A132CF3296ED2FE00E28CB8 /* StretchingMarginView.swift */; };
		3A132CF6296ED30A00E28CB8 /* StretchingMargin.swift in Sources */ = {isa = PBXBuildFile; fileRef = 3A132CF5296ED30A00E28CB8 /* StretchingMargin.swift */; };
		3A1F5F4B29700052008019D2 /* RadialMenu.swift in Sources */ = {isa = PBXBuildFile; fileRef = 3A1F5F4A29700052008019D2 /* RadialMenu.swift */; };
		3A1F5F4D2970005A008019D2 /* RadialButton.swift in Sources */ = {isa = PBXBuildFile; fileRef = 3A1F5F4C2970005A008019D2 /* RadialButton.swift */; };
		3A1F5F4F29700069008019D2 /* RadialMenuView.swift in Sources */ = {isa = PBXBuildFile; fileRef = 3A1F5F4E29700069008019D2 /* RadialMenuView.swift */; };
		3A1F5F5129700931008019D2 /* CustomButtonStyle.swift in Sources */ = {isa = PBXBuildFile; fileRef = 3A1F5F5029700931008019D2 /* CustomButtonStyle.swift */; };
		3A1F5F5429701405008019D2 /* RemoteImageView.swift in Sources */ = {isa = PBXBuildFile; fileRef = 3A1F5F5329701405008019D2 /* RemoteImageView.swift */; };
		3A1F5F5629701410008019D2 /* RemoteImage.swift in Sources */ = {isa = PBXBuildFile; fileRef = 3A1F5F5529701410008019D2 /* RemoteImage.swift */; };
		3A20091B298BAC500085CCA9 /* AdvancedButtonsView.swift in Sources */ = {isa = PBXBuildFile; fileRef = 3A20091A298BAC500085CCA9 /* AdvancedButtonsView.swift */; };
		3A215B1D296D5A98004F7CA6 /* LongPressButtonView.swift in Sources */ = {isa = PBXBuildFile; fileRef = 3A215B1C296D5A98004F7CA6 /* LongPressButtonView.swift */; };
		3A215B1F296D5E4E004F7CA6 /* LongPressButton.swift in Sources */ = {isa = PBXBuildFile; fileRef = 3A215B1E296D5E4E004F7CA6 /* LongPressButton.swift */; };
		3A215B22296D6B70004F7CA6 /* FlipCardView.swift in Sources */ = {isa = PBXBuildFile; fileRef = 3A215B21296D6B70004F7CA6 /* FlipCardView.swift */; };
		3A215B24296D6FE4004F7CA6 /* FlipCard.swift in Sources */ = {isa = PBXBuildFile; fileRef = 3A215B23296D6FE4004F7CA6 /* FlipCard.swift */; };
		3A215B27296D78C3004F7CA6 /* AccessibleStackView.swift in Sources */ = {isa = PBXBuildFile; fileRef = 3A215B26296D78C3004F7CA6 /* AccessibleStackView.swift */; };
		3A215B29296D78D1004F7CA6 /* AccesibleStack.swift in Sources */ = {isa = PBXBuildFile; fileRef = 3A215B28296D78D1004F7CA6 /* AccesibleStack.swift */; };
		3A215B2C296D877A004F7CA6 /* StretchingHeaderView.swift in Sources */ = {isa = PBXBuildFile; fileRef = 3A215B2B296D877A004F7CA6 /* StretchingHeaderView.swift */; };
		3A215B2E296D8788004F7CA6 /* StretchingHeader.swift in Sources */ = {isa = PBXBuildFile; fileRef = 3A215B2D296D8788004F7CA6 /* StretchingHeader.swift */; };
		3A216932295B3C5B007011CB /* ds.swift in Sources */ = {isa = PBXBuildFile; fileRef = 3A216931295B3C5B007011CB /* ds.swift */; };
		3A2F74BE2964CF8F00C1188E /* Monograms.swift in Sources */ = {isa = PBXBuildFile; fileRef = 3A2F74BD2964CF8F00C1188E /* Monograms.swift */; };
		3A336F212951D73900B4333A /* Main.swift in Sources */ = {isa = PBXBuildFile; fileRef = 3A336F202951D73900B4333A /* Main.swift */; };
		3A3B6F9E29759A5800E494BF /* StringExtension.swift in Sources */ = {isa = PBXBuildFile; fileRef = 3A3B6F9D29759A5800E494BF /* StringExtension.swift */; };
		3A51CEE1296C01AF00ACC2A4 /* Wave.swift in Sources */ = {isa = PBXBuildFile; fileRef = 3A51CEE0296C01AF00ACC2A4 /* Wave.swift */; };
		3AF1A447298BB49500600D7E /* FantasyButtonStyle.swift in Sources */ = {isa = PBXBuildFile; fileRef = 3AF1A446298BB49500600D7E /* FantasyButtonStyle.swift */; };
/* End PBXBuildFile section */

/* Begin PBXContainerItemProxy section */
		3A132C9B294BCF1600D19D75 /* PBXContainerItemProxy */ = {
			isa = PBXContainerItemProxy;
			containerPortal = 3A132C82294BCF1400D19D75 /* Project object */;
			proxyType = 1;
			remoteGlobalIDString = 3A132C89294BCF1400D19D75;
			remoteInfo = HWSPlus;
		};
		3A132CA5294BCF1600D19D75 /* PBXContainerItemProxy */ = {
			isa = PBXContainerItemProxy;
			containerPortal = 3A132C82294BCF1400D19D75 /* Project object */;
			proxyType = 1;
			remoteGlobalIDString = 3A132C89294BCF1400D19D75;
			remoteInfo = HWSPlus;
		};
/* End PBXContainerItemProxy section */

/* Begin PBXFileReference section */
		3A03D018295C8B7100A4A48C /* PruebasVarias.playground */ = {isa = PBXFileReference; lastKnownFileType = file.playground; path = PruebasVarias.playground; sourceTree = "<group>"; xcLanguageSpecificationIdentifier = xcode.lang.swift; };
		3A04815529547A9300E97D4A /* DataStructures.playground */ = {isa = PBXFileReference; lastKnownFileType = file.playground; path = DataStructures.playground; sourceTree = "<group>"; xcLanguageSpecificationIdentifier = xcode.lang.swift; };
		3A0AB182298924C400561553 /* Assertions.playground */ = {isa = PBXFileReference; lastKnownFileType = file.playground; path = Assertions.playground; sourceTree = "<group>"; xcLanguageSpecificationIdentifier = xcode.lang.swift; };
		3A0AB184298935EB00561553 /* VersioningCodable.playground */ = {isa = PBXFileReference; lastKnownFileType = file.playground; path = VersioningCodable.playground; sourceTree = "<group>"; xcLanguageSpecificationIdentifier = xcode.lang.swift; };
		3A0AB18629895DAB00561553 /* CustomPropertyWrapperWithDynamicProperty.swift */ = {isa = PBXFileReference; lastKnownFileType = sourcecode.swift; path = CustomPropertyWrapperWithDynamicProperty.swift; sourceTree = "<group>"; };
		3A0AB18A29896AEA00561553 /* ButtonCustomizationButonStyle.swift */ = {isa = PBXFileReference; lastKnownFileType = sourcecode.swift; path = ButtonCustomizationButonStyle.swift; sourceTree = "<group>"; };
		3A0AB18C29896B2900561553 /* CustomButton.swift */ = {isa = PBXFileReference; lastKnownFileType = sourcecode.swift; path = CustomButton.swift; sourceTree = "<group>"; };
		3A0AB18E2989704A00561553 /* ColorExtension.swift */ = {isa = PBXFileReference; lastKnownFileType = sourcecode.swift; path = ColorExtension.swift; sourceTree = "<group>"; };
		3A0CC5E229673B2600DCCD00 /* Grid.swift */ = {isa = PBXFileReference; lastKnownFileType = sourcecode.swift; path = Grid.swift; sourceTree = "<group>"; };
		3A0CC5E429673B5100DCCD00 /* Square.swift */ = {isa = PBXFileReference; lastKnownFileType = sourcecode.swift; path = Square.swift; sourceTree = "<group>"; };
		3A0CC5E6296749E700DCCD00 /* FloodFillView.swift */ = {isa = PBXFileReference; lastKnownFileType = sourcecode.swift; path = FloodFillView.swift; sourceTree = "<group>"; };
		3A0D578E2968BF9B00A397BE /* CGPoint-Helpers.swift */ = {isa = PBXFileReference; lastKnownFileType = sourcecode.swift; path = "CGPoint-Helpers.swift"; sourceTree = "<group>"; };
		3A0D57902968C52800A397BE /* Triangle.swift */ = {isa = PBXFileReference; lastKnownFileType = sourcecode.swift; path = Triangle.swift; sourceTree = "<group>"; };
		3A0D57922968C75800A397BE /* BoidsView.swift */ = {isa = PBXFileReference; lastKnownFileType = sourcecode.swift; path = BoidsView.swift; sourceTree = "<group>"; };
		3A11DEFC2961FDCD00B6B569 /* UsingDatesSafeEffectively.playground */ = {isa = PBXFileReference; lastKnownFileType = file.playground; path = UsingDatesSafeEffectively.playground; sourceTree = "<group>"; xcLanguageSpecificationIdentifier = xcode.lang.swift; };
		3A12E826296B29D000E17C1E /* users.json */ = {isa = PBXFileReference; fileEncoding = 4; lastKnownFileType = text.json; path = users.json; sourceTree = "<group>"; };
		3A12E828296B29F200E17C1E /* Bundle-Decodable.swift */ = {isa = PBXFileReference; lastKnownFileType = sourcecode.swift; path = "Bundle-Decodable.swift"; sourceTree = "<group>"; };
		3A12E82A296B2BF900E17C1E /* User.swift */ = {isa = PBXFileReference; lastKnownFileType = sourcecode.swift; path = User.swift; sourceTree = "<group>"; };
		3A12E82C296B2D3F00E17C1E /* FilteringListView.swift */ = {isa = PBXFileReference; lastKnownFileType = sourcecode.swift; path = FilteringListView.swift; sourceTree = "<group>"; };
		3A12E82E296B2DDE00E17C1E /* FilteringListGeneric.swift */ = {isa = PBXFileReference; lastKnownFileType = sourcecode.swift; path = FilteringListGeneric.swift; sourceTree = "<group>"; };
		3A12E830296B304200E17C1E /* BindingExtension.swift */ = {isa = PBXFileReference; lastKnownFileType = sourcecode.swift; path = BindingExtension.swift; sourceTree = "<group>"; };
		3A12E832296B35A300E17C1E /* FilteringListUsersView.swift */ = {isa = PBXFileReference; lastKnownFileType = sourcecode.swift; path = FilteringListUsersView.swift; sourceTree = "<group>"; };
		3A12E837296B430E00E17C1E /* UIBezierPath_Extension.swift */ = {isa = PBXFileReference; lastKnownFileType = sourcecode.swift; path = UIBezierPath_Extension.swift; sourceTree = "<group>"; };
		3A12E839296B43DC00E17C1E /* ShapeBezierView.swift */ = {isa = PBXFileReference; lastKnownFileType = sourcecode.swift; path = ShapeBezierView.swift; sourceTree = "<group>"; };
		3A12F0AF298A91BF00A02897 /* NeumorphismStyle.swift */ = {isa = PBXFileReference; lastKnownFileType = sourcecode.swift; path = NeumorphismStyle.swift; sourceTree = "<group>"; };
		3A12F0B1298A922400A02897 /* NeunorphismView.swift */ = {isa = PBXFileReference; lastKnownFileType = sourcecode.swift; path = NeunorphismView.swift; sourceTree = "<group>"; };
		3A12F0B8298AD2F800A02897 /* AdvancedButtons.swift */ = {isa = PBXFileReference; lastKnownFileType = sourcecode.swift; path = AdvancedButtons.swift; sourceTree = "<group>"; };
		3A132C8A294BCF1400D19D75 /* HWSPlus.app */ = {isa = PBXFileReference; explicitFileType = wrapper.application; includeInIndex = 0; path = HWSPlus.app; sourceTree = BUILT_PRODUCTS_DIR; };
		3A132C8D294BCF1400D19D75 /* HWSPlusApp.swift */ = {isa = PBXFileReference; lastKnownFileType = sourcecode.swift; path = HWSPlusApp.swift; sourceTree = "<group>"; };
		3A132C8F294BCF1400D19D75 /* ContentView.swift */ = {isa = PBXFileReference; lastKnownFileType = sourcecode.swift; path = ContentView.swift; sourceTree = "<group>"; };
		3A132C91294BCF1500D19D75 /* Assets.xcassets */ = {isa = PBXFileReference; lastKnownFileType = folder.assetcatalog; path = Assets.xcassets; sourceTree = "<group>"; };
		3A132C94294BCF1500D19D75 /* Preview Assets.xcassets */ = {isa = PBXFileReference; lastKnownFileType = folder.assetcatalog; path = "Preview Assets.xcassets"; sourceTree = "<group>"; };
		3A132C9A294BCF1600D19D75 /* HWSPlusTests.xctest */ = {isa = PBXFileReference; explicitFileType = wrapper.cfbundle; includeInIndex = 0; path = HWSPlusTests.xctest; sourceTree = BUILT_PRODUCTS_DIR; };
		3A132C9E294BCF1600D19D75 /* HWSPlusTests.swift */ = {isa = PBXFileReference; lastKnownFileType = sourcecode.swift; path = HWSPlusTests.swift; sourceTree = "<group>"; };
		3A132CA4294BCF1600D19D75 /* HWSPlusUITests.xctest */ = {isa = PBXFileReference; explicitFileType = wrapper.cfbundle; includeInIndex = 0; path = HWSPlusUITests.xctest; sourceTree = BUILT_PRODUCTS_DIR; };
		3A132CA8294BCF1600D19D75 /* HWSPlusUITests.swift */ = {isa = PBXFileReference; lastKnownFileType = sourcecode.swift; path = HWSPlusUITests.swift; sourceTree = "<group>"; };
		3A132CAA294BCF1600D19D75 /* HWSPlusUITestsLaunchTests.swift */ = {isa = PBXFileReference; lastKnownFileType = sourcecode.swift; path = HWSPlusUITestsLaunchTests.swift; sourceTree = "<group>"; };
		3A132CB9294BCF8300D19D75 /* BuildingPureFunctions.playground */ = {isa = PBXFileReference; lastKnownFileType = file.playground; path = BuildingPureFunctions.playground; sourceTree = "<group>"; xcLanguageSpecificationIdentifier = xcode.lang.swift; };
		3A132CF3296ED2FE00E28CB8 /* StretchingMarginView.swift */ = {isa = PBXFileReference; lastKnownFileType = sourcecode.swift; path = StretchingMarginView.swift; sourceTree = "<group>"; };
		3A132CF5296ED30A00E28CB8 /* StretchingMargin.swift */ = {isa = PBXFileReference; lastKnownFileType = sourcecode.swift; path = StretchingMargin.swift; sourceTree = "<group>"; };
		3A1749B2296357AE004AEFBF /* ConvertingMeasurementsSafely.playground */ = {isa = PBXFileReference; lastKnownFileType = file.playground; path = ConvertingMeasurementsSafely.playground; sourceTree = "<group>"; xcLanguageSpecificationIdentifier = xcode.lang.swift; };
		3A1846902965EAAC00F21A22 /* ParsingJson.playground */ = {isa = PBXFileReference; lastKnownFileType = file.playground; path = ParsingJson.playground; sourceTree = "<group>"; xcLanguageSpecificationIdentifier = xcode.lang.swift; };
		3A18AD7E29716D620049390A /* SpaceshipOperator.playground */ = {isa = PBXFileReference; lastKnownFileType = file.playground; path = SpaceshipOperator.playground; sourceTree = "<group>"; xcLanguageSpecificationIdentifier = xcode.lang.swift; };
		3A18AD80297179F20049390A /* Generics.playground */ = {isa = PBXFileReference; lastKnownFileType = file.playground; path = Generics.playground; sourceTree = "<group>"; xcLanguageSpecificationIdentifier = xcode.lang.swift; };
		3A1F5F4A29700052008019D2 /* RadialMenu.swift */ = {isa = PBXFileReference; lastKnownFileType = sourcecode.swift; path = RadialMenu.swift; sourceTree = "<group>"; };
		3A1F5F4C2970005A008019D2 /* RadialButton.swift */ = {isa = PBXFileReference; lastKnownFileType = sourcecode.swift; path = RadialButton.swift; sourceTree = "<group>"; };
		3A1F5F4E29700069008019D2 /* RadialMenuView.swift */ = {isa = PBXFileReference; lastKnownFileType = sourcecode.swift; path = RadialMenuView.swift; sourceTree = "<group>"; };
		3A1F5F5029700931008019D2 /* CustomButtonStyle.swift */ = {isa = PBXFileReference; lastKnownFileType = sourcecode.swift; path = CustomButtonStyle.swift; sourceTree = "<group>"; };
		3A1F5F5329701405008019D2 /* RemoteImageView.swift */ = {isa = PBXFileReference; lastKnownFileType = sourcecode.swift; path = RemoteImageView.swift; sourceTree = "<group>"; };
		3A1F5F5529701410008019D2 /* RemoteImage.swift */ = {isa = PBXFileReference; lastKnownFileType = sourcecode.swift; path = RemoteImage.swift; sourceTree = "<group>"; };
		3A20091A298BAC500085CCA9 /* AdvancedButtonsView.swift */ = {isa = PBXFileReference; lastKnownFileType = sourcecode.swift; path = AdvancedButtonsView.swift; sourceTree = "<group>"; };
		3A215B1C296D5A98004F7CA6 /* LongPressButtonView.swift */ = {isa = PBXFileReference; lastKnownFileType = sourcecode.swift; path = LongPressButtonView.swift; sourceTree = "<group>"; };
		3A215B1E296D5E4E004F7CA6 /* LongPressButton.swift */ = {isa = PBXFileReference; lastKnownFileType = sourcecode.swift; path = LongPressButton.swift; sourceTree = "<group>"; };
		3A215B21296D6B70004F7CA6 /* FlipCardView.swift */ = {isa = PBXFileReference; lastKnownFileType = sourcecode.swift; path = FlipCardView.swift; sourceTree = "<group>"; };
		3A215B23296D6FE4004F7CA6 /* FlipCard.swift */ = {isa = PBXFileReference; lastKnownFileType = sourcecode.swift; path = FlipCard.swift; sourceTree = "<group>"; };
		3A215B26296D78C3004F7CA6 /* AccessibleStackView.swift */ = {isa = PBXFileReference; lastKnownFileType = sourcecode.swift; path = AccessibleStackView.swift; sourceTree = "<group>"; };
		3A215B28296D78D1004F7CA6 /* AccesibleStack.swift */ = {isa = PBXFileReference; lastKnownFileType = sourcecode.swift; path = AccesibleStack.swift; sourceTree = "<group>"; };
		3A215B2B296D877A004F7CA6 /* StretchingHeaderView.swift */ = {isa = PBXFileReference; lastKnownFileType = sourcecode.swift; path = StretchingHeaderView.swift; sourceTree = "<group>"; };
		3A215B2D296D8788004F7CA6 /* StretchingHeader.swift */ = {isa = PBXFileReference; lastKnownFileType = sourcecode.swift; path = StretchingHeader.swift; sourceTree = "<group>"; };
		3A216931295B3C5B007011CB /* ds.swift */ = {isa = PBXFileReference; lastKnownFileType = sourcecode.swift; path = ds.swift; sourceTree = "<group>"; };
		3A2F74BA2964968500C1188E /* StoringPreferencesEfficiently.playground */ = {isa = PBXFileReference; lastKnownFileType = file.playground; path = StoringPreferencesEfficiently.playground; sourceTree = "<group>"; xcLanguageSpecificationIdentifier = xcode.lang.swift; };
		3A2F74BB2964BA2A00C1188E /* HWSPlus.entitlements */ = {isa = PBXFileReference; lastKnownFileType = text.plist.entitlements; path = HWSPlus.entitlements; sourceTree = "<group>"; };
		3A2F74BC2964C8F900C1188E /* Handlingnamescorrectly.playground */ = {isa = PBXFileReference; lastKnownFileType = file.playground; path = Handlingnamescorrectly.playground; sourceTree = "<group>"; xcLanguageSpecificationIdentifier = xcode.lang.swift; };
		3A2F74BD2964CF8F00C1188E /* Monograms.swift */ = {isa = PBXFileReference; lastKnownFileType = sourcecode.swift; path = Monograms.swift; sourceTree = "<group>"; };
		3A2F74C02964D4D200C1188E /* ParsingXML.playground */ = {isa = PBXFileReference; lastKnownFileType = file.playground; path = ParsingXML.playground; sourceTree = "<group>"; xcLanguageSpecificationIdentifier = xcode.lang.swift; };
		3A336F202951D73900B4333A /* Main.swift */ = {isa = PBXFileReference; lastKnownFileType = sourcecode.swift; path = Main.swift; sourceTree = "<group>"; };
		3A3B6F9C297598E000E494BF /* Optionals.playground */ = {isa = PBXFileReference; lastKnownFileType = file.playground; path = Optionals.playground; sourceTree = "<group>"; xcLanguageSpecificationIdentifier = xcode.lang.swift; };
		3A3B6F9D29759A5800E494BF /* StringExtension.swift */ = {isa = PBXFileReference; lastKnownFileType = sourcecode.swift; path = StringExtension.swift; sourceTree = "<group>"; };
		3A51C834297490B100B2ABCE /* Box.playground */ = {isa = PBXFileReference; lastKnownFileType = file.playground; path = Box.playground; sourceTree = "<group>"; xcLanguageSpecificationIdentifier = xcode.lang.swift; };
		3A51CEE0296C01AF00ACC2A4 /* Wave.swift */ = {isa = PBXFileReference; lastKnownFileType = sourcecode.swift; path = Wave.swift; sourceTree = "<group>"; };
		3AF1A446298BB49500600D7E /* FantasyButtonStyle.swift */ = {isa = PBXFileReference; lastKnownFileType = sourcecode.swift; path = FantasyButtonStyle.swift; sourceTree = "<group>"; };
/* End PBXFileReference section */

/* Begin PBXFrameworksBuildPhase section */
		3A132C87294BCF1400D19D75 /* Frameworks */ = {
			isa = PBXFrameworksBuildPhase;
			buildActionMask = 2147483647;
			files = (
			);
			runOnlyForDeploymentPostprocessing = 0;
		};
		3A132C97294BCF1600D19D75 /* Frameworks */ = {
			isa = PBXFrameworksBuildPhase;
			buildActionMask = 2147483647;
			files = (
			);
			runOnlyForDeploymentPostprocessing = 0;
		};
		3A132CA1294BCF1600D19D75 /* Frameworks */ = {
			isa = PBXFrameworksBuildPhase;
			buildActionMask = 2147483647;
			files = (
			);
			runOnlyForDeploymentPostprocessing = 0;
		};
/* End PBXFrameworksBuildPhase section */

/* Begin PBXGroup section */
		3A0AB181298924A500561553 /* Assertions */ = {
			isa = PBXGroup;
			children = (
				3A0AB182298924C400561553 /* Assertions.playground */,
			);
			path = Assertions;
			sourceTree = "<group>";
		};
		3A0AB183298935D400561553 /* VersioningCodableData */ = {
			isa = PBXGroup;
			children = (
				3A0AB184298935EB00561553 /* VersioningCodable.playground */,
			);
			path = VersioningCodableData;
			sourceTree = "<group>";
		};
		3A0AB18529895D8400561553 /* IntermediateSwiftUI */ = {
			isa = PBXGroup;
			children = (
				3A0AB18629895DAB00561553 /* CustomPropertyWrapperWithDynamicProperty.swift */,
				3A0AB18929896AC900561553 /* ButtonCustomization */,
			);
			path = IntermediateSwiftUI;
			sourceTree = "<group>";
		};
		3A0AB18929896AC900561553 /* ButtonCustomization */ = {
			isa = PBXGroup;
			children = (
				3A12F0B5298AD2AC00A02897 /* AdvancedCustomButtons */,
				3A12F0B3298AD27F00A02897 /* CustomButton */,
				3A12F0B4298AD28C00A02897 /* Neumorphism */,
			);
			path = ButtonCustomization;
			sourceTree = "<group>";
		};
		3A0CC5E129673AEC00DCCD00 /* FloodFill */ = {
			isa = PBXGroup;
			children = (
				3A0CC5E229673B2600DCCD00 /* Grid.swift */,
				3A0CC5E429673B5100DCCD00 /* Square.swift */,
				3A0CC5E6296749E700DCCD00 /* FloodFillView.swift */,
			);
			path = FloodFill;
			sourceTree = "<group>";
		};
		3A0D578D2968BF7E00A397BE /* BoidsExample */ = {
			isa = PBXGroup;
			children = (
				3A0D578E2968BF9B00A397BE /* CGPoint-Helpers.swift */,
				3A0D57902968C52800A397BE /* Triangle.swift */,
				3A0D57922968C75800A397BE /* BoidsView.swift */,
			);
			path = BoidsExample;
			sourceTree = "<group>";
		};
		3A11DEFA2961FD8F00B6B569 /* DataStructures */ = {
			isa = PBXGroup;
			children = (
				3A04815529547A9300E97D4A /* DataStructures.playground */,
			);
			path = DataStructures;
			sourceTree = "<group>";
		};
		3A11DEFB2961FDA400B6B569 /* Foundation */ = {
			isa = PBXGroup;
			children = (
				3A11DEFC2961FDCD00B6B569 /* UsingDatesSafeEffectively.playground */,
				3A1749B2296357AE004AEFBF /* ConvertingMeasurementsSafely.playground */,
				3A2F74BA2964968500C1188E /* StoringPreferencesEfficiently.playground */,
				3A2F74BC2964C8F900C1188E /* Handlingnamescorrectly.playground */,
			);
			path = Foundation;
			sourceTree = "<group>";
		};
		3A12E825296B29B600E17C1E /* FilteringList */ = {
			isa = PBXGroup;
			children = (
				3A12E826296B29D000E17C1E /* users.json */,
				3A12E828296B29F200E17C1E /* Bundle-Decodable.swift */,
				3A12E82A296B2BF900E17C1E /* User.swift */,
				3A12E82C296B2D3F00E17C1E /* FilteringListView.swift */,
				3A12E82E296B2DDE00E17C1E /* FilteringListGeneric.swift */,
				3A12E830296B304200E17C1E /* BindingExtension.swift */,
				3A12E832296B35A300E17C1E /* FilteringListUsersView.swift */,
			);
			path = FilteringList;
			sourceTree = "<group>";
		};
		3A12E834296B42BD00E17C1E /* Algoritms */ = {
			isa = PBXGroup;
			children = (
				3A0D578D2968BF7E00A397BE /* BoidsExample */,
				3A0CC5E129673AEC00DCCD00 /* FloodFill */,
			);
			path = Algoritms;
			sourceTree = "<group>";
		};
		3A12E835296B42C700E17C1E /* SwiftUIComponents */ = {
			isa = PBXGroup;
			children = (
				3A1F5F52297013F8008019D2 /* RemoteImage */,
				3A1F5F492970003C008019D2 /* RadialMenu */,
				3A132CF2296ED2E600E28CB8 /* StretchingMargin */,
				3A215B2A296D8741004F7CA6 /* StretchingHeader */,
				3A215B25296D78A2004F7CA6 /* AccessibleStackForDynamicType */,
				3A215B20296D6B59004F7CA6 /* FlipCard */,
				3A215B1B296D5A80004F7CA6 /* LongPressButton */,
				3A12E836296B42CF00E17C1E /* ShapeViewToBezierPaths */,
				3A12E825296B29B600E17C1E /* FilteringList */,
			);
			path = SwiftUIComponents;
			sourceTree = "<group>";
		};
		3A12E836296B42CF00E17C1E /* ShapeViewToBezierPaths */ = {
			isa = PBXGroup;
			children = (
				3A12E837296B430E00E17C1E /* UIBezierPath_Extension.swift */,
				3A12E839296B43DC00E17C1E /* ShapeBezierView.swift */,
				3A51CEE0296C01AF00ACC2A4 /* Wave.swift */,
			);
			path = ShapeViewToBezierPaths;
			sourceTree = "<group>";
		};
		3A12F0B3298AD27F00A02897 /* CustomButton */ = {
			isa = PBXGroup;
			children = (
				3A0AB18A29896AEA00561553 /* ButtonCustomizationButonStyle.swift */,
				3A0AB18C29896B2900561553 /* CustomButton.swift */,
			);
			path = CustomButton;
			sourceTree = "<group>";
		};
		3A12F0B4298AD28C00A02897 /* Neumorphism */ = {
			isa = PBXGroup;
			children = (
				3A12F0AF298A91BF00A02897 /* NeumorphismStyle.swift */,
				3A12F0B1298A922400A02897 /* NeunorphismView.swift */,
			);
			path = Neumorphism;
			sourceTree = "<group>";
		};
		3A12F0B5298AD2AC00A02897 /* AdvancedCustomButtons */ = {
			isa = PBXGroup;
			children = (
				3A12F0B8298AD2F800A02897 /* AdvancedButtons.swift */,
				3A20091A298BAC500085CCA9 /* AdvancedButtonsView.swift */,
				3AF1A446298BB49500600D7E /* FantasyButtonStyle.swift */,
			);
			path = AdvancedCustomButtons;
			sourceTree = "<group>";
		};
		3A132C81294BCF1400D19D75 = {
			isa = PBXGroup;
			children = (
				3A132CB7294BCF4E00D19D75 /* Playgrounds */,
				3A132C8C294BCF1400D19D75 /* HWSPlus */,
				3A132C9D294BCF1600D19D75 /* HWSPlusTests */,
				3A132CA7294BCF1600D19D75 /* HWSPlusUITests */,
				3A132C8B294BCF1400D19D75 /* Products */,
			);
			sourceTree = "<group>";
		};
		3A132C8B294BCF1400D19D75 /* Products */ = {
			isa = PBXGroup;
			children = (
				3A132C8A294BCF1400D19D75 /* HWSPlus.app */,
				3A132C9A294BCF1600D19D75 /* HWSPlusTests.xctest */,
				3A132CA4294BCF1600D19D75 /* HWSPlusUITests.xctest */,
			);
			name = Products;
			sourceTree = "<group>";
		};
		3A132C8C294BCF1400D19D75 /* HWSPlus */ = {
			isa = PBXGroup;
			children = (
				3A0AB18529895D8400561553 /* IntermediateSwiftUI */,
				3A18AD7B29716B3F0049390A /* IntermediateSwift */,
				3A12E835296B42C700E17C1E /* SwiftUIComponents */,
				3A12E834296B42BD00E17C1E /* Algoritms */,
				3A2F74BB2964BA2A00C1188E /* HWSPlus.entitlements */,
				3A132C8D294BCF1400D19D75 /* HWSPlusApp.swift */,
				3A132C8F294BCF1400D19D75 /* ContentView.swift */,
				3A336F202951D73900B4333A /* Main.swift */,
				3A132C91294BCF1500D19D75 /* Assets.xcassets */,
				3A132C93294BCF1500D19D75 /* Preview Content */,
				3A216931295B3C5B007011CB /* ds.swift */,
				3A2F74BD2964CF8F00C1188E /* Monograms.swift */,
			);
			path = HWSPlus;
			sourceTree = "<group>";
		};
		3A132C93294BCF1500D19D75 /* Preview Content */ = {
			isa = PBXGroup;
			children = (
				3A132C94294BCF1500D19D75 /* Preview Assets.xcassets */,
				3A3B6F9D29759A5800E494BF /* StringExtension.swift */,
				3A0AB18E2989704A00561553 /* ColorExtension.swift */,
			);
			path = "Preview Content";
			sourceTree = "<group>";
		};
		3A132C9D294BCF1600D19D75 /* HWSPlusTests */ = {
			isa = PBXGroup;
			children = (
				3A132C9E294BCF1600D19D75 /* HWSPlusTests.swift */,
			);
			path = HWSPlusTests;
			sourceTree = "<group>";
		};
		3A132CA7294BCF1600D19D75 /* HWSPlusUITests */ = {
			isa = PBXGroup;
			children = (
				3A132CA8294BCF1600D19D75 /* HWSPlusUITests.swift */,
				3A132CAA294BCF1600D19D75 /* HWSPlusUITestsLaunchTests.swift */,
			);
			path = HWSPlusUITests;
			sourceTree = "<group>";
		};
		3A132CB7294BCF4E00D19D75 /* Playgrounds */ = {
			isa = PBXGroup;
			children = (
				3A2F74BF2964D4C300C1188E /* Parsing */,
				3A11DEFB2961FDA400B6B569 /* Foundation */,
				3A11DEFA2961FD8F00B6B569 /* DataStructures */,
				3A132CB8294BCF5600D19D75 /* FuctionalProgramming */,
				3A03D018295C8B7100A4A48C /* PruebasVarias.playground */,
			);
			path = Playgrounds;
			sourceTree = "<group>";
		};
		3A132CB8294BCF5600D19D75 /* FuctionalProgramming */ = {
			isa = PBXGroup;
			children = (
				3A132CB9294BCF8300D19D75 /* BuildingPureFunctions.playground */,
			);
			path = FuctionalProgramming;
			sourceTree = "<group>";
		};
		3A132CF2296ED2E600E28CB8 /* StretchingMargin */ = {
			isa = PBXGroup;
			children = (
				3A132CF3296ED2FE00E28CB8 /* StretchingMarginView.swift */,
				3A132CF5296ED30A00E28CB8 /* StretchingMargin.swift */,
			);
			path = StretchingMargin;
			sourceTree = "<group>";
		};
		3A18AD7B29716B3F0049390A /* IntermediateSwift */ = {
			isa = PBXGroup;
			children = (
				3A0AB183298935D400561553 /* VersioningCodableData */,
				3A0AB181298924A500561553 /* Assertions */,
				3A3B6F9B297598CF00E494BF /* Optionals */,
				3A51C833297490A300B2ABCE /* Box */,
				3A18AD7F297179090049390A /* Generics */,
				3A18AD7E29716D620049390A /* SpaceshipOperator.playground */,
			);
			path = IntermediateSwift;
			sourceTree = "<group>";
		};
		3A18AD7F297179090049390A /* Generics */ = {
			isa = PBXGroup;
			children = (
				3A18AD80297179F20049390A /* Generics.playground */,
			);
			path = Generics;
			sourceTree = "<group>";
		};
		3A1F5F492970003C008019D2 /* RadialMenu */ = {
			isa = PBXGroup;
			children = (
				3A1F5F5029700931008019D2 /* CustomButtonStyle.swift */,
				3A1F5F4C2970005A008019D2 /* RadialButton.swift */,
				3A1F5F4A29700052008019D2 /* RadialMenu.swift */,
				3A1F5F4E29700069008019D2 /* RadialMenuView.swift */,
			);
			path = RadialMenu;
			sourceTree = "<group>";
		};
		3A1F5F52297013F8008019D2 /* RemoteImage */ = {
			isa = PBXGroup;
			children = (
				3A1F5F5529701410008019D2 /* RemoteImage.swift */,
				3A1F5F5329701405008019D2 /* RemoteImageView.swift */,
			);
			path = RemoteImage;
			sourceTree = "<group>";
		};
		3A215B1B296D5A80004F7CA6 /* LongPressButton */ = {
			isa = PBXGroup;
			children = (
				3A215B1C296D5A98004F7CA6 /* LongPressButtonView.swift */,
				3A215B1E296D5E4E004F7CA6 /* LongPressButton.swift */,
			);
			path = LongPressButton;
			sourceTree = "<group>";
		};
		3A215B20296D6B59004F7CA6 /* FlipCard */ = {
			isa = PBXGroup;
			children = (
				3A215B21296D6B70004F7CA6 /* FlipCardView.swift */,
				3A215B23296D6FE4004F7CA6 /* FlipCard.swift */,
			);
			path = FlipCard;
			sourceTree = "<group>";
		};
		3A215B25296D78A2004F7CA6 /* AccessibleStackForDynamicType */ = {
			isa = PBXGroup;
			children = (
				3A215B26296D78C3004F7CA6 /* AccessibleStackView.swift */,
				3A215B28296D78D1004F7CA6 /* AccesibleStack.swift */,
			);
			path = AccessibleStackForDynamicType;
			sourceTree = "<group>";
		};
		3A215B2A296D8741004F7CA6 /* StretchingHeader */ = {
			isa = PBXGroup;
			children = (
				3A215B2D296D8788004F7CA6 /* StretchingHeader.swift */,
				3A215B2B296D877A004F7CA6 /* StretchingHeaderView.swift */,
			);
			path = StretchingHeader;
			sourceTree = "<group>";
		};
		3A2F74BF2964D4C300C1188E /* Parsing */ = {
			isa = PBXGroup;
			children = (
				3A2F74C02964D4D200C1188E /* ParsingXML.playground */,
				3A1846902965EAAC00F21A22 /* ParsingJson.playground */,
			);
			path = Parsing;
			sourceTree = "<group>";
		};
		3A3B6F9B297598CF00E494BF /* Optionals */ = {
			isa = PBXGroup;
			children = (
				3A3B6F9C297598E000E494BF /* Optionals.playground */,
			);
			path = Optionals;
			sourceTree = "<group>";
		};
		3A51C833297490A300B2ABCE /* Box */ = {
			isa = PBXGroup;
			children = (
				3A51C834297490B100B2ABCE /* Box.playground */,
			);
			path = Box;
			sourceTree = "<group>";
		};
/* End PBXGroup section */

/* Begin PBXNativeTarget section */
		3A132C89294BCF1400D19D75 /* HWSPlus */ = {
			isa = PBXNativeTarget;
			buildConfigurationList = 3A132CAE294BCF1600D19D75 /* Build configuration list for PBXNativeTarget "HWSPlus" */;
			buildPhases = (
				3A132C86294BCF1400D19D75 /* Sources */,
				3A132C87294BCF1400D19D75 /* Frameworks */,
				3A132C88294BCF1400D19D75 /* Resources */,
			);
			buildRules = (
			);
			dependencies = (
			);
			name = HWSPlus;
			productName = HWSPlus;
			productReference = 3A132C8A294BCF1400D19D75 /* HWSPlus.app */;
			productType = "com.apple.product-type.application";
		};
		3A132C99294BCF1600D19D75 /* HWSPlusTests */ = {
			isa = PBXNativeTarget;
			buildConfigurationList = 3A132CB1294BCF1600D19D75 /* Build configuration list for PBXNativeTarget "HWSPlusTests" */;
			buildPhases = (
				3A132C96294BCF1600D19D75 /* Sources */,
				3A132C97294BCF1600D19D75 /* Frameworks */,
				3A132C98294BCF1600D19D75 /* Resources */,
			);
			buildRules = (
			);
			dependencies = (
				3A132C9C294BCF1600D19D75 /* PBXTargetDependency */,
			);
			name = HWSPlusTests;
			productName = HWSPlusTests;
			productReference = 3A132C9A294BCF1600D19D75 /* HWSPlusTests.xctest */;
			productType = "com.apple.product-type.bundle.unit-test";
		};
		3A132CA3294BCF1600D19D75 /* HWSPlusUITests */ = {
			isa = PBXNativeTarget;
			buildConfigurationList = 3A132CB4294BCF1600D19D75 /* Build configuration list for PBXNativeTarget "HWSPlusUITests" */;
			buildPhases = (
				3A132CA0294BCF1600D19D75 /* Sources */,
				3A132CA1294BCF1600D19D75 /* Frameworks */,
				3A132CA2294BCF1600D19D75 /* Resources */,
			);
			buildRules = (
			);
			dependencies = (
				3A132CA6294BCF1600D19D75 /* PBXTargetDependency */,
			);
			name = HWSPlusUITests;
			productName = HWSPlusUITests;
			productReference = 3A132CA4294BCF1600D19D75 /* HWSPlusUITests.xctest */;
			productType = "com.apple.product-type.bundle.ui-testing";
		};
/* End PBXNativeTarget section */

/* Begin PBXProject section */
		3A132C82294BCF1400D19D75 /* Project object */ = {
			isa = PBXProject;
			attributes = {
				BuildIndependentTargetsInParallel = 1;
				LastSwiftUpdateCheck = 1410;
				LastUpgradeCheck = 1410;
				TargetAttributes = {
					3A132C89294BCF1400D19D75 = {
						CreatedOnToolsVersion = 14.1;
					};
					3A132C99294BCF1600D19D75 = {
						CreatedOnToolsVersion = 14.1;
						TestTargetID = 3A132C89294BCF1400D19D75;
					};
					3A132CA3294BCF1600D19D75 = {
						CreatedOnToolsVersion = 14.1;
						TestTargetID = 3A132C89294BCF1400D19D75;
					};
				};
			};
			buildConfigurationList = 3A132C85294BCF1400D19D75 /* Build configuration list for PBXProject "HWSPlus" */;
			compatibilityVersion = "Xcode 14.0";
			developmentRegion = en;
			hasScannedForEncodings = 0;
			knownRegions = (
				en,
				Base,
			);
			mainGroup = 3A132C81294BCF1400D19D75;
			productRefGroup = 3A132C8B294BCF1400D19D75 /* Products */;
			projectDirPath = "";
			projectRoot = "";
			targets = (
				3A132C89294BCF1400D19D75 /* HWSPlus */,
				3A132C99294BCF1600D19D75 /* HWSPlusTests */,
				3A132CA3294BCF1600D19D75 /* HWSPlusUITests */,
			);
		};
/* End PBXProject section */

/* Begin PBXResourcesBuildPhase section */
		3A132C88294BCF1400D19D75 /* Resources */ = {
			isa = PBXResourcesBuildPhase;
			buildActionMask = 2147483647;
			files = (
				3A12E827296B29D000E17C1E /* users.json in Resources */,
				3A132C95294BCF1500D19D75 /* Preview Assets.xcassets in Resources */,
				3A132C92294BCF1500D19D75 /* Assets.xcassets in Resources */,
			);
			runOnlyForDeploymentPostprocessing = 0;
		};
		3A132C98294BCF1600D19D75 /* Resources */ = {
			isa = PBXResourcesBuildPhase;
			buildActionMask = 2147483647;
			files = (
			);
			runOnlyForDeploymentPostprocessing = 0;
		};
		3A132CA2294BCF1600D19D75 /* Resources */ = {
			isa = PBXResourcesBuildPhase;
			buildActionMask = 2147483647;
			files = (
			);
			runOnlyForDeploymentPostprocessing = 0;
		};
/* End PBXResourcesBuildPhase section */

/* Begin PBXSourcesBuildPhase section */
		3A132C86294BCF1400D19D75 /* Sources */ = {
			isa = PBXSourcesBuildPhase;
			buildActionMask = 2147483647;
			files = (
				3A132CF6296ED30A00E28CB8 /* StretchingMargin.swift in Sources */,
				3A12E82B296B2BF900E17C1E /* User.swift in Sources */,
				3A336F212951D73900B4333A /* Main.swift in Sources */,
				3A12F0B0298A91BF00A02897 /* NeumorphismStyle.swift in Sources */,
				3A20091B298BAC500085CCA9 /* AdvancedButtonsView.swift in Sources */,
				3A3B6F9E29759A5800E494BF /* StringExtension.swift in Sources */,
				3A0AB18D29896B2900561553 /* CustomButton.swift in Sources */,
				3A215B29296D78D1004F7CA6 /* AccesibleStack.swift in Sources */,
				3A215B22296D6B70004F7CA6 /* FlipCardView.swift in Sources */,
				3A0D57932968C75800A397BE /* BoidsView.swift in Sources */,
				3A1F5F4F29700069008019D2 /* RadialMenuView.swift in Sources */,
				3A12F0B2298A922400A02897 /* NeunorphismView.swift in Sources */,
				3A12E838296B430E00E17C1E /* UIBezierPath_Extension.swift in Sources */,
				3A12E83A296B43DC00E17C1E /* ShapeBezierView.swift in Sources */,
				3A132C90294BCF1400D19D75 /* ContentView.swift in Sources */,
				3A12E82F296B2DDE00E17C1E /* FilteringListGeneric.swift in Sources */,
				3A216932295B3C5B007011CB /* ds.swift in Sources */,
				3A1F5F4B29700052008019D2 /* RadialMenu.swift in Sources */,
				3A1F5F5429701405008019D2 /* RemoteImageView.swift in Sources */,
				3A12F0B9298AD2F800A02897 /* AdvancedButtons.swift in Sources */,
				3A12E82D296B2D3F00E17C1E /* FilteringListView.swift in Sources */,
				3A215B1F296D5E4E004F7CA6 /* LongPressButton.swift in Sources */,
				3A132CF4296ED2FE00E28CB8 /* StretchingMarginView.swift in Sources */,
				3A0D578F2968BF9B00A397BE /* CGPoint-Helpers.swift in Sources */,
				3A0CC5E529673B5100DCCD00 /* Square.swift in Sources */,
				3A0AB18F2989704A00561553 /* ColorExtension.swift in Sources */,
				3A12E833296B35A300E17C1E /* FilteringListUsersView.swift in Sources */,
				3A215B2C296D877A004F7CA6 /* StretchingHeaderView.swift in Sources */,
				3A0AB18729895DAB00561553 /* CustomPropertyWrapperWithDynamicProperty.swift in Sources */,
				3A1F5F5129700931008019D2 /* CustomButtonStyle.swift in Sources */,
				3AF1A447298BB49500600D7E /* FantasyButtonStyle.swift in Sources */,
				3A12E831296B304200E17C1E /* BindingExtension.swift in Sources */,
				3A0CC5E7296749E700DCCD00 /* FloodFillView.swift in Sources */,
				3A132C8E294BCF1400D19D75 /* HWSPlusApp.swift in Sources */,
				3A1F5F4D2970005A008019D2 /* RadialButton.swift in Sources */,
				3A215B1D296D5A98004F7CA6 /* LongPressButtonView.swift in Sources */,
				3A1F5F5629701410008019D2 /* RemoteImage.swift in Sources */,
				3A0D57912968C52800A397BE /* Triangle.swift in Sources */,
				3A215B2E296D8788004F7CA6 /* StretchingHeader.swift in Sources */,
				3A215B27296D78C3004F7CA6 /* AccessibleStackView.swift in Sources */,
				3A0AB18B29896AEA00561553 /* ButtonCustomizationButonStyle.swift in Sources */,
				3A51CEE1296C01AF00ACC2A4 /* Wave.swift in Sources */,
				3A2F74BE2964CF8F00C1188E /* Monograms.swift in Sources */,
				3A0CC5E329673B2600DCCD00 /* Grid.swift in Sources */,
				3A215B24296D6FE4004F7CA6 /* FlipCard.swift in Sources */,
				3A12E829296B29F200E17C1E /* Bundle-Decodable.swift in Sources */,
			);
			runOnlyForDeploymentPostprocessing = 0;
		};
		3A132C96294BCF1600D19D75 /* Sources */ = {
			isa = PBXSourcesBuildPhase;
			buildActionMask = 2147483647;
			files = (
				3A132C9F294BCF1600D19D75 /* HWSPlusTests.swift in Sources */,
			);
			runOnlyForDeploymentPostprocessing = 0;
		};
		3A132CA0294BCF1600D19D75 /* Sources */ = {
			isa = PBXSourcesBuildPhase;
			buildActionMask = 2147483647;
			files = (
				3A132CA9294BCF1600D19D75 /* HWSPlusUITests.swift in Sources */,
				3A132CAB294BCF1600D19D75 /* HWSPlusUITestsLaunchTests.swift in Sources */,
			);
			runOnlyForDeploymentPostprocessing = 0;
		};
/* End PBXSourcesBuildPhase section */

/* Begin PBXTargetDependency section */
		3A132C9C294BCF1600D19D75 /* PBXTargetDependency */ = {
			isa = PBXTargetDependency;
			target = 3A132C89294BCF1400D19D75 /* HWSPlus */;
			targetProxy = 3A132C9B294BCF1600D19D75 /* PBXContainerItemProxy */;
		};
		3A132CA6294BCF1600D19D75 /* PBXTargetDependency */ = {
			isa = PBXTargetDependency;
			target = 3A132C89294BCF1400D19D75 /* HWSPlus */;
			targetProxy = 3A132CA5294BCF1600D19D75 /* PBXContainerItemProxy */;
		};
/* End PBXTargetDependency section */

/* Begin XCBuildConfiguration section */
		3A132CAC294BCF1600D19D75 /* Debug */ = {
			isa = XCBuildConfiguration;
			buildSettings = {
				ALWAYS_SEARCH_USER_PATHS = NO;
				CLANG_ANALYZER_NONNULL = YES;
				CLANG_ANALYZER_NUMBER_OBJECT_CONVERSION = YES_AGGRESSIVE;
				CLANG_CXX_LANGUAGE_STANDARD = "gnu++20";
				CLANG_ENABLE_MODULES = YES;
				CLANG_ENABLE_OBJC_ARC = YES;
				CLANG_ENABLE_OBJC_WEAK = YES;
				CLANG_WARN_BLOCK_CAPTURE_AUTORELEASING = YES;
				CLANG_WARN_BOOL_CONVERSION = YES;
				CLANG_WARN_COMMA = YES;
				CLANG_WARN_CONSTANT_CONVERSION = YES;
				CLANG_WARN_DEPRECATED_OBJC_IMPLEMENTATIONS = YES;
				CLANG_WARN_DIRECT_OBJC_ISA_USAGE = YES_ERROR;
				CLANG_WARN_DOCUMENTATION_COMMENTS = YES;
				CLANG_WARN_EMPTY_BODY = YES;
				CLANG_WARN_ENUM_CONVERSION = YES;
				CLANG_WARN_INFINITE_RECURSION = YES;
				CLANG_WARN_INT_CONVERSION = YES;
				CLANG_WARN_NON_LITERAL_NULL_CONVERSION = YES;
				CLANG_WARN_OBJC_IMPLICIT_RETAIN_SELF = YES;
				CLANG_WARN_OBJC_LITERAL_CONVERSION = YES;
				CLANG_WARN_OBJC_ROOT_CLASS = YES_ERROR;
				CLANG_WARN_QUOTED_INCLUDE_IN_FRAMEWORK_HEADER = YES;
				CLANG_WARN_RANGE_LOOP_ANALYSIS = YES;
				CLANG_WARN_STRICT_PROTOTYPES = YES;
				CLANG_WARN_SUSPICIOUS_MOVE = YES;
				CLANG_WARN_UNGUARDED_AVAILABILITY = YES_AGGRESSIVE;
				CLANG_WARN_UNREACHABLE_CODE = YES;
				CLANG_WARN__DUPLICATE_METHOD_MATCH = YES;
				COPY_PHASE_STRIP = NO;
				DEBUG_INFORMATION_FORMAT = dwarf;
				ENABLE_STRICT_OBJC_MSGSEND = YES;
				ENABLE_TESTABILITY = YES;
				GCC_C_LANGUAGE_STANDARD = gnu11;
				GCC_DYNAMIC_NO_PIC = NO;
				GCC_NO_COMMON_BLOCKS = YES;
				GCC_OPTIMIZATION_LEVEL = 0;
				GCC_PREPROCESSOR_DEFINITIONS = (
					"DEBUG=1",
					"$(inherited)",
				);
				GCC_WARN_64_TO_32_BIT_CONVERSION = YES;
				GCC_WARN_ABOUT_RETURN_TYPE = YES_ERROR;
				GCC_WARN_UNDECLARED_SELECTOR = YES;
				GCC_WARN_UNINITIALIZED_AUTOS = YES_AGGRESSIVE;
				GCC_WARN_UNUSED_FUNCTION = YES;
				GCC_WARN_UNUSED_VARIABLE = YES;
				IPHONEOS_DEPLOYMENT_TARGET = 16.1;
				MTL_ENABLE_DEBUG_INFO = INCLUDE_SOURCE;
				MTL_FAST_MATH = YES;
				ONLY_ACTIVE_ARCH = YES;
				SDKROOT = iphoneos;
				SWIFT_ACTIVE_COMPILATION_CONDITIONS = DEBUG;
				SWIFT_OPTIMIZATION_LEVEL = "-Onone";
			};
			name = Debug;
		};
		3A132CAD294BCF1600D19D75 /* Release */ = {
			isa = XCBuildConfiguration;
			buildSettings = {
				ALWAYS_SEARCH_USER_PATHS = NO;
				CLANG_ANALYZER_NONNULL = YES;
				CLANG_ANALYZER_NUMBER_OBJECT_CONVERSION = YES_AGGRESSIVE;
				CLANG_CXX_LANGUAGE_STANDARD = "gnu++20";
				CLANG_ENABLE_MODULES = YES;
				CLANG_ENABLE_OBJC_ARC = YES;
				CLANG_ENABLE_OBJC_WEAK = YES;
				CLANG_WARN_BLOCK_CAPTURE_AUTORELEASING = YES;
				CLANG_WARN_BOOL_CONVERSION = YES;
				CLANG_WARN_COMMA = YES;
				CLANG_WARN_CONSTANT_CONVERSION = YES;
				CLANG_WARN_DEPRECATED_OBJC_IMPLEMENTATIONS = YES;
				CLANG_WARN_DIRECT_OBJC_ISA_USAGE = YES_ERROR;
				CLANG_WARN_DOCUMENTATION_COMMENTS = YES;
				CLANG_WARN_EMPTY_BODY = YES;
				CLANG_WARN_ENUM_CONVERSION = YES;
				CLANG_WARN_INFINITE_RECURSION = YES;
				CLANG_WARN_INT_CONVERSION = YES;
				CLANG_WARN_NON_LITERAL_NULL_CONVERSION = YES;
				CLANG_WARN_OBJC_IMPLICIT_RETAIN_SELF = YES;
				CLANG_WARN_OBJC_LITERAL_CONVERSION = YES;
				CLANG_WARN_OBJC_ROOT_CLASS = YES_ERROR;
				CLANG_WARN_QUOTED_INCLUDE_IN_FRAMEWORK_HEADER = YES;
				CLANG_WARN_RANGE_LOOP_ANALYSIS = YES;
				CLANG_WARN_STRICT_PROTOTYPES = YES;
				CLANG_WARN_SUSPICIOUS_MOVE = YES;
				CLANG_WARN_UNGUARDED_AVAILABILITY = YES_AGGRESSIVE;
				CLANG_WARN_UNREACHABLE_CODE = YES;
				CLANG_WARN__DUPLICATE_METHOD_MATCH = YES;
				COPY_PHASE_STRIP = NO;
				DEBUG_INFORMATION_FORMAT = "dwarf-with-dsym";
				ENABLE_NS_ASSERTIONS = NO;
				ENABLE_STRICT_OBJC_MSGSEND = YES;
				GCC_C_LANGUAGE_STANDARD = gnu11;
				GCC_NO_COMMON_BLOCKS = YES;
				GCC_WARN_64_TO_32_BIT_CONVERSION = YES;
				GCC_WARN_ABOUT_RETURN_TYPE = YES_ERROR;
				GCC_WARN_UNDECLARED_SELECTOR = YES;
				GCC_WARN_UNINITIALIZED_AUTOS = YES_AGGRESSIVE;
				GCC_WARN_UNUSED_FUNCTION = YES;
				GCC_WARN_UNUSED_VARIABLE = YES;
				IPHONEOS_DEPLOYMENT_TARGET = 16.1;
				MTL_ENABLE_DEBUG_INFO = NO;
				MTL_FAST_MATH = YES;
				SDKROOT = iphoneos;
				SWIFT_COMPILATION_MODE = wholemodule;
				SWIFT_OPTIMIZATION_LEVEL = "-O";
				VALIDATE_PRODUCT = YES;
			};
			name = Release;
		};
		3A132CAF294BCF1600D19D75 /* Debug */ = {
			isa = XCBuildConfiguration;
			buildSettings = {
				ASSETCATALOG_COMPILER_APPICON_NAME = AppIcon;
				ASSETCATALOG_COMPILER_GLOBAL_ACCENT_COLOR_NAME = AccentColor;
				CODE_SIGN_ENTITLEMENTS = HWSPlus/HWSPlus.entitlements;
				CODE_SIGN_STYLE = Automatic;
				CURRENT_PROJECT_VERSION = 1;
				DEVELOPMENT_ASSET_PATHS = "\"HWSPlus/Preview Content\"";
				DEVELOPMENT_TEAM = 6SPUJN2479;
				ENABLE_PREVIEWS = YES;
				GENERATE_INFOPLIST_FILE = YES;
				INFOPLIST_KEY_UIApplicationSceneManifest_Generation = YES;
				INFOPLIST_KEY_UIApplicationSupportsIndirectInputEvents = YES;
				INFOPLIST_KEY_UILaunchScreen_Generation = YES;
				INFOPLIST_KEY_UISupportedInterfaceOrientations_iPad = "UIInterfaceOrientationPortrait UIInterfaceOrientationPortraitUpsideDown UIInterfaceOrientationLandscapeLeft UIInterfaceOrientationLandscapeRight";
				INFOPLIST_KEY_UISupportedInterfaceOrientations_iPhone = "UIInterfaceOrientationPortrait UIInterfaceOrientationLandscapeLeft UIInterfaceOrientationLandscapeRight";
				LD_RUNPATH_SEARCH_PATHS = (
					"$(inherited)",
					"@executable_path/Frameworks",
				);
				MARKETING_VERSION = 1.0;
				PRODUCT_BUNDLE_IDENTIFIER = CuatroAguacates.HWSPlus;
				PRODUCT_NAME = "$(TARGET_NAME)";
				SWIFT_EMIT_LOC_STRINGS = YES;
				SWIFT_VERSION = 5.0;
				TARGETED_DEVICE_FAMILY = "1,2";
			};
			name = Debug;
		};
		3A132CB0294BCF1600D19D75 /* Release */ = {
			isa = XCBuildConfiguration;
			buildSettings = {
				ASSETCATALOG_COMPILER_APPICON_NAME = AppIcon;
				ASSETCATALOG_COMPILER_GLOBAL_ACCENT_COLOR_NAME = AccentColor;
				CODE_SIGN_ENTITLEMENTS = HWSPlus/HWSPlus.entitlements;
				CODE_SIGN_STYLE = Automatic;
				CURRENT_PROJECT_VERSION = 1;
				DEVELOPMENT_ASSET_PATHS = "\"HWSPlus/Preview Content\"";
				DEVELOPMENT_TEAM = 6SPUJN2479;
				ENABLE_PREVIEWS = YES;
				GENERATE_INFOPLIST_FILE = YES;
				INFOPLIST_KEY_UIApplicationSceneManifest_Generation = YES;
				INFOPLIST_KEY_UIApplicationSupportsIndirectInputEvents = YES;
				INFOPLIST_KEY_UILaunchScreen_Generation = YES;
				INFOPLIST_KEY_UISupportedInterfaceOrientations_iPad = "UIInterfaceOrientationPortrait UIInterfaceOrientationPortraitUpsideDown UIInterfaceOrientationLandscapeLeft UIInterfaceOrientationLandscapeRight";
				INFOPLIST_KEY_UISupportedInterfaceOrientations_iPhone = "UIInterfaceOrientationPortrait UIInterfaceOrientationLandscapeLeft UIInterfaceOrientationLandscapeRight";
				LD_RUNPATH_SEARCH_PATHS = (
					"$(inherited)",
					"@executable_path/Frameworks",
				);
				MARKETING_VERSION = 1.0;
				PRODUCT_BUNDLE_IDENTIFIER = CuatroAguacates.HWSPlus;
				PRODUCT_NAME = "$(TARGET_NAME)";
				SWIFT_EMIT_LOC_STRINGS = YES;
				SWIFT_VERSION = 5.0;
				TARGETED_DEVICE_FAMILY = "1,2";
			};
			name = Release;
		};
		3A132CB2294BCF1600D19D75 /* Debug */ = {
			isa = XCBuildConfiguration;
			buildSettings = {
				ALWAYS_EMBED_SWIFT_STANDARD_LIBRARIES = YES;
				BUNDLE_LOADER = "$(TEST_HOST)";
				CODE_SIGN_STYLE = Automatic;
				CURRENT_PROJECT_VERSION = 1;
				DEVELOPMENT_TEAM = 6SPUJN2479;
				GENERATE_INFOPLIST_FILE = YES;
				IPHONEOS_DEPLOYMENT_TARGET = 16.1;
				MARKETING_VERSION = 1.0;
				PRODUCT_BUNDLE_IDENTIFIER = CuatroAguacates.HWSPlusTests;
				PRODUCT_NAME = "$(TARGET_NAME)";
				SWIFT_EMIT_LOC_STRINGS = NO;
				SWIFT_VERSION = 5.0;
				TARGETED_DEVICE_FAMILY = "1,2";
				TEST_HOST = "$(BUILT_PRODUCTS_DIR)/HWSPlus.app/$(BUNDLE_EXECUTABLE_FOLDER_PATH)/HWSPlus";
			};
			name = Debug;
		};
		3A132CB3294BCF1600D19D75 /* Release */ = {
			isa = XCBuildConfiguration;
			buildSettings = {
				ALWAYS_EMBED_SWIFT_STANDARD_LIBRARIES = YES;
				BUNDLE_LOADER = "$(TEST_HOST)";
				CODE_SIGN_STYLE = Automatic;
				CURRENT_PROJECT_VERSION = 1;
				DEVELOPMENT_TEAM = 6SPUJN2479;
				GENERATE_INFOPLIST_FILE = YES;
				IPHONEOS_DEPLOYMENT_TARGET = 16.1;
				MARKETING_VERSION = 1.0;
				PRODUCT_BUNDLE_IDENTIFIER = CuatroAguacates.HWSPlusTests;
				PRODUCT_NAME = "$(TARGET_NAME)";
				SWIFT_EMIT_LOC_STRINGS = NO;
				SWIFT_VERSION = 5.0;
				TARGETED_DEVICE_FAMILY = "1,2";
				TEST_HOST = "$(BUILT_PRODUCTS_DIR)/HWSPlus.app/$(BUNDLE_EXECUTABLE_FOLDER_PATH)/HWSPlus";
			};
			name = Release;
		};
		3A132CB5294BCF1600D19D75 /* Debug */ = {
			isa = XCBuildConfiguration;
			buildSettings = {
				ALWAYS_EMBED_SWIFT_STANDARD_LIBRARIES = YES;
				CODE_SIGN_STYLE = Automatic;
				CURRENT_PROJECT_VERSION = 1;
				DEVELOPMENT_TEAM = 6SPUJN2479;
				GENERATE_INFOPLIST_FILE = YES;
				MARKETING_VERSION = 1.0;
				PRODUCT_BUNDLE_IDENTIFIER = CuatroAguacates.HWSPlusUITests;
				PRODUCT_NAME = "$(TARGET_NAME)";
				SWIFT_EMIT_LOC_STRINGS = NO;
				SWIFT_VERSION = 5.0;
				TARGETED_DEVICE_FAMILY = "1,2";
				TEST_TARGET_NAME = HWSPlus;
			};
			name = Debug;
		};
		3A132CB6294BCF1600D19D75 /* Release */ = {
			isa = XCBuildConfiguration;
			buildSettings = {
				ALWAYS_EMBED_SWIFT_STANDARD_LIBRARIES = YES;
				CODE_SIGN_STYLE = Automatic;
				CURRENT_PROJECT_VERSION = 1;
				DEVELOPMENT_TEAM = 6SPUJN2479;
				GENERATE_INFOPLIST_FILE = YES;
				MARKETING_VERSION = 1.0;
				PRODUCT_BUNDLE_IDENTIFIER = CuatroAguacates.HWSPlusUITests;
				PRODUCT_NAME = "$(TARGET_NAME)";
				SWIFT_EMIT_LOC_STRINGS = NO;
				SWIFT_VERSION = 5.0;
				TARGETED_DEVICE_FAMILY = "1,2";
				TEST_TARGET_NAME = HWSPlus;
			};
			name = Release;
		};
/* End XCBuildConfiguration section */

/* Begin XCConfigurationList section */
		3A132C85294BCF1400D19D75 /* Build configuration list for PBXProject "HWSPlus" */ = {
			isa = XCConfigurationList;
			buildConfigurations = (
				3A132CAC294BCF1600D19D75 /* Debug */,
				3A132CAD294BCF1600D19D75 /* Release */,
			);
			defaultConfigurationIsVisible = 0;
			defaultConfigurationName = Release;
		};
		3A132CAE294BCF1600D19D75 /* Build configuration list for PBXNativeTarget "HWSPlus" */ = {
			isa = XCConfigurationList;
			buildConfigurations = (
				3A132CAF294BCF1600D19D75 /* Debug */,
				3A132CB0294BCF1600D19D75 /* Release */,
			);
			defaultConfigurationIsVisible = 0;
			defaultConfigurationName = Release;
		};
		3A132CB1294BCF1600D19D75 /* Build configuration list for PBXNativeTarget "HWSPlusTests" */ = {
			isa = XCConfigurationList;
			buildConfigurations = (
				3A132CB2294BCF1600D19D75 /* Debug */,
				3A132CB3294BCF1600D19D75 /* Release */,
			);
			defaultConfigurationIsVisible = 0;
			defaultConfigurationName = Release;
		};
		3A132CB4294BCF1600D19D75 /* Build configuration list for PBXNativeTarget "HWSPlusUITests" */ = {
			isa = XCConfigurationList;
			buildConfigurations = (
				3A132CB5294BCF1600D19D75 /* Debug */,
				3A132CB6294BCF1600D19D75 /* Release */,
			);
			defaultConfigurationIsVisible = 0;
			defaultConfigurationName = Release;
		};
/* End XCConfigurationList section */
	};
	rootObject = 3A132C82294BCF1400D19D75 /* Project object */;
}
